// !$*UTF8*$!
{
	archiveVersion = 1;
	classes = {
	};
	objectVersion = 50;
	objects = {

/* Begin PBXBuildFile section */
		43484EA62503C11400691F0D /* SceneDelegate.swift in Sources */ = {isa = PBXBuildFile; fileRef = 43484EA52503C11400691F0D /* SceneDelegate.swift */; };
		439CE12C23F3B6EE00E6A97C /* AppDelegate.swift in Sources */ = {isa = PBXBuildFile; fileRef = 439CE12B23F3B6EE00E6A97C /* AppDelegate.swift */; };
		439CE13023F3B6EE00E6A97C /* MainViewController.swift in Sources */ = {isa = PBXBuildFile; fileRef = 439CE12F23F3B6EE00E6A97C /* MainViewController.swift */; };
		439CE13323F3B6EE00E6A97C /* Main.storyboard in Resources */ = {isa = PBXBuildFile; fileRef = 439CE13123F3B6EE00E6A97C /* Main.storyboard */; };
		439CE13523F3B6F100E6A97C /* Assets.xcassets in Resources */ = {isa = PBXBuildFile; fileRef = 439CE13423F3B6F100E6A97C /* Assets.xcassets */; };
		439CE13823F3B6F100E6A97C /* LaunchScreen.storyboard in Resources */ = {isa = PBXBuildFile; fileRef = 439CE13623F3B6F100E6A97C /* LaunchScreen.storyboard */; };
		43A7F51023FADD2000DF8824 /* Country.swift in Sources */ = {isa = PBXBuildFile; fileRef = 43A7F50F23FADD1F00DF8824 /* Country.swift */; };
		43A7F51223FB9E0800DF8824 /* ThirdViewController.swift in Sources */ = {isa = PBXBuildFile; fileRef = 43A7F51123FB9E0800DF8824 /* ThirdViewController.swift */; };
		43A7F51423FBB65300DF8824 /* City.swift in Sources */ = {isa = PBXBuildFile; fileRef = 43A7F51323FBB65300DF8824 /* City.swift */; };
		43A7F51623FBDC2300DF8824 /* SecondCustomCell.swift in Sources */ = {isa = PBXBuildFile; fileRef = 43A7F51523FBDC2300DF8824 /* SecondCustomCell.swift */; };
		43C6AFDA23F555710091D8CB /* SecondViewController.swift in Sources */ = {isa = PBXBuildFile; fileRef = 43C6AFD923F555710091D8CB /* SecondViewController.swift */; };
		43C6AFDC23F555890091D8CB /* CustomTableViewCell.swift in Sources */ = {isa = PBXBuildFile; fileRef = 43C6AFDB23F555890091D8CB /* CustomTableViewCell.swift */; };
/* End PBXBuildFile section */

/* Begin PBXFileReference section */
		43484EA52503C11400691F0D /* SceneDelegate.swift */ = {isa = PBXFileReference; lastKnownFileType = sourcecode.swift; path = SceneDelegate.swift; sourceTree = "<group>"; };
		439CE12823F3B6EE00E6A97C /* Weather.app */ = {isa = PBXFileReference; explicitFileType = wrapper.application; includeInIndex = 0; path = Weather.app; sourceTree = BUILT_PRODUCTS_DIR; };
		439CE12B23F3B6EE00E6A97C /* AppDelegate.swift */ = {isa = PBXFileReference; lastKnownFileType = sourcecode.swift; path = AppDelegate.swift; sourceTree = "<group>"; };
		439CE12F23F3B6EE00E6A97C /* MainViewController.swift */ = {isa = PBXFileReference; lastKnownFileType = sourcecode.swift; path = MainViewController.swift; sourceTree = "<group>"; };
		439CE13223F3B6EE00E6A97C /* Base */ = {isa = PBXFileReference; lastKnownFileType = file.storyboard; name = Base; path = Base.lproj/Main.storyboard; sourceTree = "<group>"; };
		439CE13423F3B6F100E6A97C /* Assets.xcassets */ = {isa = PBXFileReference; lastKnownFileType = folder.assetcatalog; path = Assets.xcassets; sourceTree = "<group>"; };
		439CE13723F3B6F100E6A97C /* Base */ = {isa = PBXFileReference; lastKnownFileType = file.storyboard; name = Base; path = Base.lproj/LaunchScreen.storyboard; sourceTree = "<group>"; };
		439CE13923F3B6F100E6A97C /* Info.plist */ = {isa = PBXFileReference; lastKnownFileType = text.plist.xml; path = Info.plist; sourceTree = "<group>"; };
		43A7F50F23FADD1F00DF8824 /* Country.swift */ = {isa = PBXFileReference; lastKnownFileType = sourcecode.swift; path = Country.swift; sourceTree = "<group>"; };
		43A7F51123FB9E0800DF8824 /* ThirdViewController.swift */ = {isa = PBXFileReference; lastKnownFileType = sourcecode.swift; path = ThirdViewController.swift; sourceTree = "<group>"; };
		43A7F51323FBB65300DF8824 /* City.swift */ = {isa = PBXFileReference; lastKnownFileType = sourcecode.swift; path = City.swift; sourceTree = "<group>"; };
		43A7F51523FBDC2300DF8824 /* SecondCustomCell.swift */ = {isa = PBXFileReference; lastKnownFileType = sourcecode.swift; path = SecondCustomCell.swift; sourceTree = "<group>"; };
		43C6AFD923F555710091D8CB /* SecondViewController.swift */ = {isa = PBXFileReference; lastKnownFileType = sourcecode.swift; path = SecondViewController.swift; sourceTree = "<group>"; };
		43C6AFDB23F555890091D8CB /* CustomTableViewCell.swift */ = {isa = PBXFileReference; lastKnownFileType = sourcecode.swift; path = CustomTableViewCell.swift; sourceTree = "<group>"; };
/* End PBXFileReference section */

/* Begin PBXFrameworksBuildPhase section */
		439CE12523F3B6EE00E6A97C /* Frameworks */ = {
			isa = PBXFrameworksBuildPhase;
			buildActionMask = 2147483647;
			files = (
			);
			runOnlyForDeploymentPostprocessing = 0;
		};
/* End PBXFrameworksBuildPhase section */

/* Begin PBXGroup section */
		4346453D25382B9400041E5F /* MainView */ = {
			isa = PBXGroup;
			children = (
				43A7F50F23FADD1F00DF8824 /* Country.swift */,
				43C6AFDB23F555890091D8CB /* CustomTableViewCell.swift */,
				439CE12F23F3B6EE00E6A97C /* MainViewController.swift */,
			);
			path = MainView;
			sourceTree = "<group>";
		};
		4346453E25382BB200041E5F /* SecondView */ = {
			isa = PBXGroup;
			children = (
				43A7F51323FBB65300DF8824 /* City.swift */,
				43A7F51523FBDC2300DF8824 /* SecondCustomCell.swift */,
				43C6AFD923F555710091D8CB /* SecondViewController.swift */,
			);
			path = SecondView;
			sourceTree = "<group>";
		};
		4346453F25382BC600041E5F /* ThirdView */ = {
			isa = PBXGroup;
			children = (
				43A7F51123FB9E0800DF8824 /* ThirdViewController.swift */,
			);
			path = ThirdView;
			sourceTree = "<group>";
		};
		439CE11F23F3B6EE00E6A97C = {
			isa = PBXGroup;
			children = (
				439CE12A23F3B6EE00E6A97C /* Weather */,
				439CE12923F3B6EE00E6A97C /* Products */,
			);
			sourceTree = "<group>";
		};
		439CE12923F3B6EE00E6A97C /* Products */ = {
			isa = PBXGroup;
			children = (
				439CE12823F3B6EE00E6A97C /* Weather.app */,
			);
			name = Products;
			sourceTree = "<group>";
		};
		439CE12A23F3B6EE00E6A97C /* Weather */ = {
			isa = PBXGroup;
			children = (
				439CE12B23F3B6EE00E6A97C /* AppDelegate.swift */,
				43484EA52503C11400691F0D /* SceneDelegate.swift */,
				4346453D25382B9400041E5F /* MainView */,
				4346453E25382BB200041E5F /* SecondView */,
				4346453F25382BC600041E5F /* ThirdView */,
				439CE13123F3B6EE00E6A97C /* Main.storyboard */,
				439CE13423F3B6F100E6A97C /* Assets.xcassets */,
				439CE13623F3B6F100E6A97C /* LaunchScreen.storyboard */,
				439CE13923F3B6F100E6A97C /* Info.plist */,
			);
			path = Weather;
			sourceTree = "<group>";
		};
/* End PBXGroup section */

/* Begin PBXNativeTarget section */
		439CE12723F3B6EE00E6A97C /* Weather */ = {
			isa = PBXNativeTarget;
			buildConfigurationList = 439CE13C23F3B6F100E6A97C /* Build configuration list for PBXNativeTarget "Weather" */;
			buildPhases = (
				439CE12423F3B6EE00E6A97C /* Sources */,
				439CE12523F3B6EE00E6A97C /* Frameworks */,
				439CE12623F3B6EE00E6A97C /* Resources */,
			);
			buildRules = (
			);
			dependencies = (
			);
			name = Weather;
			productName = Weather;
			productReference = 439CE12823F3B6EE00E6A97C /* Weather.app */;
			productType = "com.apple.product-type.application";
		};
/* End PBXNativeTarget section */

/* Begin PBXProject section */
		439CE12023F3B6EE00E6A97C /* Project object */ = {
			isa = PBXProject;
			attributes = {
				LastSwiftUpdateCheck = 1130;
				LastUpgradeCheck = 1130;
				ORGANIZATIONNAME = "안홍석";
				TargetAttributes = {
					439CE12723F3B6EE00E6A97C = {
						CreatedOnToolsVersion = 11.3.1;
					};
				};
			};
			buildConfigurationList = 439CE12323F3B6EE00E6A97C /* Build configuration list for PBXProject "Weather" */;
			compatibilityVersion = "Xcode 9.3";
			developmentRegion = en;
			hasScannedForEncodings = 0;
			knownRegions = (
				en,
				Base,
			);
			mainGroup = 439CE11F23F3B6EE00E6A97C;
			productRefGroup = 439CE12923F3B6EE00E6A97C /* Products */;
			projectDirPath = "";
			projectRoot = "";
			targets = (
				439CE12723F3B6EE00E6A97C /* Weather */,
			);
		};
/* End PBXProject section */

/* Begin PBXResourcesBuildPhase section */
		439CE12623F3B6EE00E6A97C /* Resources */ = {
			isa = PBXResourcesBuildPhase;
			buildActionMask = 2147483647;
			files = (
				439CE13823F3B6F100E6A97C /* LaunchScreen.storyboard in Resources */,
				439CE13523F3B6F100E6A97C /* Assets.xcassets in Resources */,
				439CE13323F3B6EE00E6A97C /* Main.storyboard in Resources */,
			);
			runOnlyForDeploymentPostprocessing = 0;
		};
/* End PBXResourcesBuildPhase section */

/* Begin PBXSourcesBuildPhase section */
		439CE12423F3B6EE00E6A97C /* Sources */ = {
			isa = PBXSourcesBuildPhase;
			buildActionMask = 2147483647;
			files = (
				43A7F51623FBDC2300DF8824 /* SecondCustomCell.swift in Sources */,
				43C6AFDA23F555710091D8CB /* SecondViewController.swift in Sources */,
				43484EA62503C11400691F0D /* SceneDelegate.swift in Sources */,
				43C6AFDC23F555890091D8CB /* CustomTableViewCell.swift in Sources */,
				439CE13023F3B6EE00E6A97C /* MainViewController.swift in Sources */,
				43A7F51023FADD2000DF8824 /* Country.swift in Sources */,
				43A7F51223FB9E0800DF8824 /* ThirdViewController.swift in Sources */,
				439CE12C23F3B6EE00E6A97C /* AppDelegate.swift in Sources */,
				43A7F51423FBB65300DF8824 /* City.swift in Sources */,
			);
			runOnlyForDeploymentPostprocessing = 0;
		};
/* End PBXSourcesBuildPhase section */

/* Begin PBXVariantGroup section */
		439CE13123F3B6EE00E6A97C /* Main.storyboard */ = {
			isa = PBXVariantGroup;
			children = (
				439CE13223F3B6EE00E6A97C /* Base */,
			);
			name = Main.storyboard;
			sourceTree = "<group>";
		};
		439CE13623F3B6F100E6A97C /* LaunchScreen.storyboard */ = {
			isa = PBXVariantGroup;
			children = (
				439CE13723F3B6F100E6A97C /* Base */,
			);
			name = LaunchScreen.storyboard;
			sourceTree = "<group>";
		};
/* End PBXVariantGroup section */

/* Begin XCBuildConfiguration section */
		439CE13A23F3B6F100E6A97C /* Debug */ = {
			isa = XCBuildConfiguration;
			buildSettings = {
				ALWAYS_SEARCH_USER_PATHS = NO;
				CLANG_ANALYZER_NONNULL = YES;
				CLANG_ANALYZER_NUMBER_OBJECT_CONVERSION = YES_AGGRESSIVE;
				CLANG_CXX_LANGUAGE_STANDARD = "gnu++14";
				CLANG_CXX_LIBRARY = "libc++";
				CLANG_ENABLE_MODULES = YES;
				CLANG_ENABLE_OBJC_ARC = YES;
				CLANG_ENABLE_OBJC_WEAK = YES;
				CLANG_WARN_BLOCK_CAPTURE_AUTORELEASING = YES;
				CLANG_WARN_BOOL_CONVERSION = YES;
				CLANG_WARN_COMMA = YES;
				CLANG_WARN_CONSTANT_CONVERSION = YES;
				CLANG_WARN_DEPRECATED_OBJC_IMPLEMENTATIONS = YES;
				CLANG_WARN_DIRECT_OBJC_ISA_USAGE = YES_ERROR;
				CLANG_WARN_DOCUMENTATION_COMMENTS = YES;
				CLANG_WARN_EMPTY_BODY = YES;
				CLANG_WARN_ENUM_CONVERSION = YES;
				CLANG_WARN_INFINITE_RECURSION = YES;
				CLANG_WARN_INT_CONVERSION = YES;
				CLANG_WARN_NON_LITERAL_NULL_CONVERSION = YES;
				CLANG_WARN_OBJC_IMPLICIT_RETAIN_SELF = YES;
				CLANG_WARN_OBJC_LITERAL_CONVERSION = YES;
				CLANG_WARN_OBJC_ROOT_CLASS = YES_ERROR;
				CLANG_WARN_RANGE_LOOP_ANALYSIS = YES;
				CLANG_WARN_STRICT_PROTOTYPES = YES;
				CLANG_WARN_SUSPICIOUS_MOVE = YES;
				CLANG_WARN_UNGUARDED_AVAILABILITY = YES_AGGRESSIVE;
				CLANG_WARN_UNREACHABLE_CODE = YES;
				CLANG_WARN__DUPLICATE_METHOD_MATCH = YES;
				COPY_PHASE_STRIP = NO;
				DEBUG_INFORMATION_FORMAT = dwarf;
				ENABLE_STRICT_OBJC_MSGSEND = YES;
				ENABLE_TESTABILITY = YES;
				GCC_C_LANGUAGE_STANDARD = gnu11;
				GCC_DYNAMIC_NO_PIC = NO;
				GCC_NO_COMMON_BLOCKS = YES;
				GCC_OPTIMIZATION_LEVEL = 0;
				GCC_PREPROCESSOR_DEFINITIONS = (
					"DEBUG=1",
					"$(inherited)",
				);
				GCC_WARN_64_TO_32_BIT_CONVERSION = YES;
				GCC_WARN_ABOUT_RETURN_TYPE = YES_ERROR;
				GCC_WARN_UNDECLARED_SELECTOR = YES;
				GCC_WARN_UNINITIALIZED_AUTOS = YES_AGGRESSIVE;
				GCC_WARN_UNUSED_FUNCTION = YES;
				GCC_WARN_UNUSED_VARIABLE = YES;
				IPHONEOS_DEPLOYMENT_TARGET = 13.2;
				MTL_ENABLE_DEBUG_INFO = INCLUDE_SOURCE;
				MTL_FAST_MATH = YES;
				ONLY_ACTIVE_ARCH = YES;
				SDKROOT = iphoneos;
				SWIFT_ACTIVE_COMPILATION_CONDITIONS = DEBUG;
				SWIFT_OPTIMIZATION_LEVEL = "-Onone";
			};
			name = Debug;
		};
		439CE13B23F3B6F100E6A97C /* Release */ = {
			isa = XCBuildConfiguration;
			buildSettings = {
				ALWAYS_SEARCH_USER_PATHS = NO;
				CLANG_ANALYZER_NONNULL = YES;
				CLANG_ANALYZER_NUMBER_OBJECT_CONVERSION = YES_AGGRESSIVE;
				CLANG_CXX_LANGUAGE_STANDARD = "gnu++14";
				CLANG_CXX_LIBRARY = "libc++";
				CLANG_ENABLE_MODULES = YES;
				CLANG_ENABLE_OBJC_ARC = YES;
				CLANG_ENABLE_OBJC_WEAK = YES;
				CLANG_WARN_BLOCK_CAPTURE_AUTORELEASING = YES;
				CLANG_WARN_BOOL_CONVERSION = YES;
				CLANG_WARN_COMMA = YES;
				CLANG_WARN_CONSTANT_CONVERSION = YES;
				CLANG_WARN_DEPRECATED_OBJC_IMPLEMENTATIONS = YES;
				CLANG_WARN_DIRECT_OBJC_ISA_USAGE = YES_ERROR;
				CLANG_WARN_DOCUMENTATION_COMMENTS = YES;
				CLANG_WARN_EMPTY_BODY = YES;
				CLANG_WARN_ENUM_CONVERSION = YES;
				CLANG_WARN_INFINITE_RECURSION = YES;
				CLANG_WARN_INT_CONVERSION = YES;
				CLANG_WARN_NON_LITERAL_NULL_CONVERSION = YES;
				CLANG_WARN_OBJC_IMPLICIT_RETAIN_SELF = YES;
				CLANG_WARN_OBJC_LITERAL_CONVERSION = YES;
				CLANG_WARN_OBJC_ROOT_CLASS = YES_ERROR;
				CLANG_WARN_RANGE_LOOP_ANALYSIS = YES;
				CLANG_WARN_STRICT_PROTOTYPES = YES;
				CLANG_WARN_SUSPICIOUS_MOVE = YES;
				CLANG_WARN_UNGUARDED_AVAILABILITY = YES_AGGRESSIVE;
				CLANG_WARN_UNREACHABLE_CODE = YES;
				CLANG_WARN__DUPLICATE_METHOD_MATCH = YES;
				COPY_PHASE_STRIP = NO;
				DEBUG_INFORMATION_FORMAT = "dwarf-with-dsym";
				ENABLE_NS_ASSERTIONS = NO;
				ENABLE_STRICT_OBJC_MSGSEND = YES;
				GCC_C_LANGUAGE_STANDARD = gnu11;
				GCC_NO_COMMON_BLOCKS = YES;
				GCC_WARN_64_TO_32_BIT_CONVERSION = YES;
				GCC_WARN_ABOUT_RETURN_TYPE = YES_ERROR;
				GCC_WARN_UNDECLARED_SELECTOR = YES;
				GCC_WARN_UNINITIALIZED_AUTOS = YES_AGGRESSIVE;
				GCC_WARN_UNUSED_FUNCTION = YES;
				GCC_WARN_UNUSED_VARIABLE = YES;
				IPHONEOS_DEPLOYMENT_TARGET = 13.2;
				MTL_ENABLE_DEBUG_INFO = NO;
				MTL_FAST_MATH = YES;
				SDKROOT = iphoneos;
				SWIFT_COMPILATION_MODE = wholemodule;
				SWIFT_OPTIMIZATION_LEVEL = "-O";
				VALIDATE_PRODUCT = YES;
			};
			name = Release;
		};
		439CE13D23F3B6F100E6A97C /* Debug */ = {
			isa = XCBuildConfiguration;
			buildSettings = {
				ASSETCATALOG_COMPILER_APPICON_NAME = AppIcon;
				CODE_SIGN_STYLE = Automatic;
				DEVELOPMENT_TEAM = B535JPUPAQ;
				INFOPLIST_FILE = Weather/Info.plist;
				IPHONEOS_DEPLOYMENT_TARGET = 13.4;
				LD_RUNPATH_SEARCH_PATHS = (
					"$(inherited)",
					"@executable_path/Frameworks",
				);
				PRODUCT_BUNDLE_IDENTIFIER = ac.kr.cau.edwith.boostcourse.Weather;
				PRODUCT_NAME = "$(TARGET_NAME)";
				SWIFT_VERSION = 5.0;
				TARGETED_DEVICE_FAMILY = "1,2";
			};
			name = Debug;
		};
		439CE13E23F3B6F100E6A97C /* Release */ = {
			isa = XCBuildConfiguration;
			buildSettings = {
				ASSETCATALOG_COMPILER_APPICON_NAME = AppIcon;
				CODE_SIGN_STYLE = Automatic;
				DEVELOPMENT_TEAM = B535JPUPAQ;
				INFOPLIST_FILE = Weather/Info.plist;
				IPHONEOS_DEPLOYMENT_TARGET = 13.4;
				LD_RUNPATH_SEARCH_PATHS = (
					"$(inherited)",
					"@executable_path/Frameworks",
				);
				PRODUCT_BUNDLE_IDENTIFIER = ac.kr.cau.edwith.boostcourse.Weather;
				PRODUCT_NAME = "$(TARGET_NAME)";
				SWIFT_VERSION = 5.0;
				TARGETED_DEVICE_FAMILY = "1,2";
			};
			name = Release;
		};
/* End XCBuildConfiguration section */

/* Begin XCConfigurationList section */
		439CE12323F3B6EE00E6A97C /* Build configuration list for PBXProject "Weather" */ = {
			isa = XCConfigurationList;
			buildConfigurations = (
				439CE13A23F3B6F100E6A97C /* Debug */,
				439CE13B23F3B6F100E6A97C /* Release */,
			);
			defaultConfigurationIsVisible = 0;
			defaultConfigurationName = Release;
		};
		439CE13C23F3B6F100E6A97C /* Build configuration list for PBXNativeTarget "Weather" */ = {
			isa = XCConfigurationList;
			buildConfigurations = (
				439CE13D23F3B6F100E6A97C /* Debug */,
				439CE13E23F3B6F100E6A97C /* Release */,
			);
			defaultConfigurationIsVisible = 0;
			defaultConfigurationName = Release;
		};
/* End XCConfigurationList section */
	};
	rootObject = 439CE12023F3B6EE00E6A97C /* Project object */;
}
