// !$*UTF8*$!
{
	archiveVersion = 1;
	classes = {
	};
	objectVersion = 50;
	objects = {

/* Begin PBXBuildFile section */
		4300C49C24A3301800CB97CC /* AppDelegate.swift in Sources */ = {isa = PBXBuildFile; fileRef = 4300C49B24A3301800CB97CC /* AppDelegate.swift */; };
		4300C49E24A3301800CB97CC /* SceneDelegate.swift in Sources */ = {isa = PBXBuildFile; fileRef = 4300C49D24A3301800CB97CC /* SceneDelegate.swift */; };
		4300C4A024A3301800CB97CC /* ViewController.swift in Sources */ = {isa = PBXBuildFile; fileRef = 4300C49F24A3301800CB97CC /* ViewController.swift */; };
		4300C4A324A3301800CB97CC /* Main.storyboard in Resources */ = {isa = PBXBuildFile; fileRef = 4300C4A124A3301800CB97CC /* Main.storyboard */; };
		4300C4A524A3301C00CB97CC /* Assets.xcassets in Resources */ = {isa = PBXBuildFile; fileRef = 4300C4A424A3301C00CB97CC /* Assets.xcassets */; };
		4300C4A824A3301C00CB97CC /* LaunchScreen.storyboard in Resources */ = {isa = PBXBuildFile; fileRef = 4300C4A624A3301C00CB97CC /* LaunchScreen.storyboard */; };
/* End PBXBuildFile section */

/* Begin PBXFileReference section */
		4300C49824A3301800CB97CC /* Basic_1_Lecture.app */ = {isa = PBXFileReference; explicitFileType = wrapper.application; includeInIndex = 0; path = Basic_1_Lecture.app; sourceTree = BUILT_PRODUCTS_DIR; };
		4300C49B24A3301800CB97CC /* AppDelegate.swift */ = {isa = PBXFileReference; lastKnownFileType = sourcecode.swift; path = AppDelegate.swift; sourceTree = "<group>"; };
		4300C49D24A3301800CB97CC /* SceneDelegate.swift */ = {isa = PBXFileReference; lastKnownFileType = sourcecode.swift; path = SceneDelegate.swift; sourceTree = "<group>"; };
		4300C49F24A3301800CB97CC /* ViewController.swift */ = {isa = PBXFileReference; lastKnownFileType = sourcecode.swift; path = ViewController.swift; sourceTree = "<group>"; };
		4300C4A224A3301800CB97CC /* Base */ = {isa = PBXFileReference; lastKnownFileType = file.storyboard; name = Base; path = Base.lproj/Main.storyboard; sourceTree = "<group>"; };
		4300C4A424A3301C00CB97CC /* Assets.xcassets */ = {isa = PBXFileReference; lastKnownFileType = folder.assetcatalog; path = Assets.xcassets; sourceTree = "<group>"; };
		4300C4A724A3301C00CB97CC /* Base */ = {isa = PBXFileReference; lastKnownFileType = file.storyboard; name = Base; path = Base.lproj/LaunchScreen.storyboard; sourceTree = "<group>"; };
		4300C4A924A3301C00CB97CC /* Info.plist */ = {isa = PBXFileReference; lastKnownFileType = text.plist.xml; path = Info.plist; sourceTree = "<group>"; };
/* End PBXFileReference section */

/* Begin PBXFrameworksBuildPhase section */
		4300C49524A3301800CB97CC /* Frameworks */ = {
			isa = PBXFrameworksBuildPhase;
			buildActionMask = 2147483647;
			files = (
			);
			runOnlyForDeploymentPostprocessing = 0;
		};
/* End PBXFrameworksBuildPhase section */

/* Begin PBXGroup section */
		4300C48F24A3301800CB97CC = {
			isa = PBXGroup;
			children = (
				4300C49A24A3301800CB97CC /* Basic_1_Lecture */,
				4300C49924A3301800CB97CC /* Products */,
			);
			sourceTree = "<group>";
		};
		4300C49924A3301800CB97CC /* Products */ = {
			isa = PBXGroup;
			children = (
				4300C49824A3301800CB97CC /* Basic_1_Lecture.app */,
			);
			name = Products;
			sourceTree = "<group>";
		};
		4300C49A24A3301800CB97CC /* Basic_1_Lecture */ = {
			isa = PBXGroup;
			children = (
				4300C49B24A3301800CB97CC /* AppDelegate.swift */,
				4300C49D24A3301800CB97CC /* SceneDelegate.swift */,
				4300C49F24A3301800CB97CC /* ViewController.swift */,
				4300C4A124A3301800CB97CC /* Main.storyboard */,
				4300C4A424A3301C00CB97CC /* Assets.xcassets */,
				4300C4A624A3301C00CB97CC /* LaunchScreen.storyboard */,
				4300C4A924A3301C00CB97CC /* Info.plist */,
			);
			path = Basic_1_Lecture;
			sourceTree = "<group>";
		};
/* End PBXGroup section */

/* Begin PBXNativeTarget section */
		4300C49724A3301800CB97CC /* Basic_1_Lecture */ = {
			isa = PBXNativeTarget;
			buildConfigurationList = 4300C4AC24A3301C00CB97CC /* Build configuration list for PBXNativeTarget "Basic_1_Lecture" */;
			buildPhases = (
				4300C49424A3301800CB97CC /* Sources */,
				4300C49524A3301800CB97CC /* Frameworks */,
				4300C49624A3301800CB97CC /* Resources */,
			);
			buildRules = (
			);
			dependencies = (
			);
			name = Basic_1_Lecture;
			productName = Basic_1_Lecture;
			productReference = 4300C49824A3301800CB97CC /* Basic_1_Lecture.app */;
			productType = "com.apple.product-type.application";
		};
/* End PBXNativeTarget section */

/* Begin PBXProject section */
		4300C49024A3301800CB97CC /* Project object */ = {
			isa = PBXProject;
			attributes = {
				LastSwiftUpdateCheck = 1130;
				LastUpgradeCheck = 1130;
				ORGANIZATIONNAME = "안홍석";
				TargetAttributes = {
					4300C49724A3301800CB97CC = {
						CreatedOnToolsVersion = 11.3.1;
					};
				};
			};
			buildConfigurationList = 4300C49324A3301800CB97CC /* Build configuration list for PBXProject "Basic_1_Lecture" */;
			compatibilityVersion = "Xcode 9.3";
			developmentRegion = en;
			hasScannedForEncodings = 0;
			knownRegions = (
				en,
				Base,
			);
			mainGroup = 4300C48F24A3301800CB97CC;
			productRefGroup = 4300C49924A3301800CB97CC /* Products */;
			projectDirPath = "";
			projectRoot = "";
			targets = (
				4300C49724A3301800CB97CC /* Basic_1_Lecture */,
			);
		};
/* End PBXProject section */

/* Begin PBXResourcesBuildPhase section */
		4300C49624A3301800CB97CC /* Resources */ = {
			isa = PBXResourcesBuildPhase;
			buildActionMask = 2147483647;
			files = (
				4300C4A824A3301C00CB97CC /* LaunchScreen.storyboard in Resources */,
				4300C4A524A3301C00CB97CC /* Assets.xcassets in Resources */,
				4300C4A324A3301800CB97CC /* Main.storyboard in Resources */,
			);
			runOnlyForDeploymentPostprocessing = 0;
		};
/* End PBXResourcesBuildPhase section */

/* Begin PBXSourcesBuildPhase section */
		4300C49424A3301800CB97CC /* Sources */ = {
			isa = PBXSourcesBuildPhase;
			buildActionMask = 2147483647;
			files = (
				4300C4A024A3301800CB97CC /* ViewController.swift in Sources */,
				4300C49C24A3301800CB97CC /* AppDelegate.swift in Sources */,
				4300C49E24A3301800CB97CC /* SceneDelegate.swift in Sources */,
			);
			runOnlyForDeploymentPostprocessing = 0;
		};
/* End PBXSourcesBuildPhase section */

/* Begin PBXVariantGroup section */
		4300C4A124A3301800CB97CC /* Main.storyboard */ = {
			isa = PBXVariantGroup;
			children = (
				4300C4A224A3301800CB97CC /* Base */,
			);
			name = Main.storyboard;
			sourceTree = "<group>";
		};
		4300C4A624A3301C00CB97CC /* LaunchScreen.storyboard */ = {
			isa = PBXVariantGroup;
			children = (
				4300C4A724A3301C00CB97CC /* Base */,
			);
			name = LaunchScreen.storyboard;
			sourceTree = "<group>";
		};
/* End PBXVariantGroup section */

/* Begin XCBuildConfiguration section */
		4300C4AA24A3301C00CB97CC /* Debug */ = {
			isa = XCBuildConfiguration;
			buildSettings = {
				ALWAYS_SEARCH_USER_PATHS = NO;
				CLANG_ANALYZER_NONNULL = YES;
				CLANG_ANALYZER_NUMBER_OBJECT_CONVERSION = YES_AGGRESSIVE;
				CLANG_CXX_LANGUAGE_STANDARD = "gnu++14";
				CLANG_CXX_LIBRARY = "libc++";
				CLANG_ENABLE_MODULES = YES;
				CLANG_ENABLE_OBJC_ARC = YES;
				CLANG_ENABLE_OBJC_WEAK = YES;
				CLANG_WARN_BLOCK_CAPTURE_AUTORELEASING = YES;
				CLANG_WARN_BOOL_CONVERSION = YES;
				CLANG_WARN_COMMA = YES;
				CLANG_WARN_CONSTANT_CONVERSION = YES;
				CLANG_WARN_DEPRECATED_OBJC_IMPLEMENTATIONS = YES;
				CLANG_WARN_DIRECT_OBJC_ISA_USAGE = YES_ERROR;
				CLANG_WARN_DOCUMENTATION_COMMENTS = YES;
				CLANG_WARN_EMPTY_BODY = YES;
				CLANG_WARN_ENUM_CONVERSION = YES;
				CLANG_WARN_INFINITE_RECURSION = YES;
				CLANG_WARN_INT_CONVERSION = YES;
				CLANG_WARN_NON_LITERAL_NULL_CONVERSION = YES;
				CLANG_WARN_OBJC_IMPLICIT_RETAIN_SELF = YES;
				CLANG_WARN_OBJC_LITERAL_CONVERSION = YES;
				CLANG_WARN_OBJC_ROOT_CLASS = YES_ERROR;
				CLANG_WARN_RANGE_LOOP_ANALYSIS = YES;
				CLANG_WARN_STRICT_PROTOTYPES = YES;
				CLANG_WARN_SUSPICIOUS_MOVE = YES;
				CLANG_WARN_UNGUARDED_AVAILABILITY = YES_AGGRESSIVE;
				CLANG_WARN_UNREACHABLE_CODE = YES;
				CLANG_WARN__DUPLICATE_METHOD_MATCH = YES;
				COPY_PHASE_STRIP = NO;
				DEBUG_INFORMATION_FORMAT = dwarf;
				ENABLE_STRICT_OBJC_MSGSEND = YES;
				ENABLE_TESTABILITY = YES;
				GCC_C_LANGUAGE_STANDARD = gnu11;
				GCC_DYNAMIC_NO_PIC = NO;
				GCC_NO_COMMON_BLOCKS = YES;
				GCC_OPTIMIZATION_LEVEL = 0;
				GCC_PREPROCESSOR_DEFINITIONS = (
					"DEBUG=1",
					"$(inherited)",
				);
				GCC_WARN_64_TO_32_BIT_CONVERSION = YES;
				GCC_WARN_ABOUT_RETURN_TYPE = YES_ERROR;
				GCC_WARN_UNDECLARED_SELECTOR = YES;
				GCC_WARN_UNINITIALIZED_AUTOS = YES_AGGRESSIVE;
				GCC_WARN_UNUSED_FUNCTION = YES;
				GCC_WARN_UNUSED_VARIABLE = YES;
				IPHONEOS_DEPLOYMENT_TARGET = 13.2;
				MTL_ENABLE_DEBUG_INFO = INCLUDE_SOURCE;
				MTL_FAST_MATH = YES;
				ONLY_ACTIVE_ARCH = YES;
				SDKROOT = iphoneos;
				SWIFT_ACTIVE_COMPILATION_CONDITIONS = DEBUG;
				SWIFT_OPTIMIZATION_LEVEL = "-Onone";
			};
			name = Debug;
		};
		4300C4AB24A3301C00CB97CC /* Release */ = {
			isa = XCBuildConfiguration;
			buildSettings = {
				ALWAYS_SEARCH_USER_PATHS = NO;
				CLANG_ANALYZER_NONNULL = YES;
				CLANG_ANALYZER_NUMBER_OBJECT_CONVERSION = YES_AGGRESSIVE;
				CLANG_CXX_LANGUAGE_STANDARD = "gnu++14";
				CLANG_CXX_LIBRARY = "libc++";
				CLANG_ENABLE_MODULES = YES;
				CLANG_ENABLE_OBJC_ARC = YES;
				CLANG_ENABLE_OBJC_WEAK = YES;
				CLANG_WARN_BLOCK_CAPTURE_AUTORELEASING = YES;
				CLANG_WARN_BOOL_CONVERSION = YES;
				CLANG_WARN_COMMA = YES;
				CLANG_WARN_CONSTANT_CONVERSION = YES;
				CLANG_WARN_DEPRECATED_OBJC_IMPLEMENTATIONS = YES;
				CLANG_WARN_DIRECT_OBJC_ISA_USAGE = YES_ERROR;
				CLANG_WARN_DOCUMENTATION_COMMENTS = YES;
				CLANG_WARN_EMPTY_BODY = YES;
				CLANG_WARN_ENUM_CONVERSION = YES;
				CLANG_WARN_INFINITE_RECURSION = YES;
				CLANG_WARN_INT_CONVERSION = YES;
				CLANG_WARN_NON_LITERAL_NULL_CONVERSION = YES;
				CLANG_WARN_OBJC_IMPLICIT_RETAIN_SELF = YES;
				CLANG_WARN_OBJC_LITERAL_CONVERSION = YES;
				CLANG_WARN_OBJC_ROOT_CLASS = YES_ERROR;
				CLANG_WARN_RANGE_LOOP_ANALYSIS = YES;
				CLANG_WARN_STRICT_PROTOTYPES = YES;
				CLANG_WARN_SUSPICIOUS_MOVE = YES;
				CLANG_WARN_UNGUARDED_AVAILABILITY = YES_AGGRESSIVE;
				CLANG_WARN_UNREACHABLE_CODE = YES;
				CLANG_WARN__DUPLICATE_METHOD_MATCH = YES;
				COPY_PHASE_STRIP = NO;
				DEBUG_INFORMATION_FORMAT = "dwarf-with-dsym";
				ENABLE_NS_ASSERTIONS = NO;
				ENABLE_STRICT_OBJC_MSGSEND = YES;
				GCC_C_LANGUAGE_STANDARD = gnu11;
				GCC_NO_COMMON_BLOCKS = YES;
				GCC_WARN_64_TO_32_BIT_CONVERSION = YES;
				GCC_WARN_ABOUT_RETURN_TYPE = YES_ERROR;
				GCC_WARN_UNDECLARED_SELECTOR = YES;
				GCC_WARN_UNINITIALIZED_AUTOS = YES_AGGRESSIVE;
				GCC_WARN_UNUSED_FUNCTION = YES;
				GCC_WARN_UNUSED_VARIABLE = YES;
				IPHONEOS_DEPLOYMENT_TARGET = 13.2;
				MTL_ENABLE_DEBUG_INFO = NO;
				MTL_FAST_MATH = YES;
				SDKROOT = iphoneos;
				SWIFT_COMPILATION_MODE = wholemodule;
				SWIFT_OPTIMIZATION_LEVEL = "-O";
				VALIDATE_PRODUCT = YES;
			};
			name = Release;
		};
		4300C4AD24A3301C00CB97CC /* Debug */ = {
			isa = XCBuildConfiguration;
			buildSettings = {
				ASSETCATALOG_COMPILER_APPICON_NAME = AppIcon;
				CODE_SIGN_STYLE = Automatic;
				DEVELOPMENT_TEAM = B535JPUPAQ;
				INFOPLIST_FILE = Basic_1_Lecture/Info.plist;
				LD_RUNPATH_SEARCH_PATHS = (
					"$(inherited)",
					"@executable_path/Frameworks",
				);
				PRODUCT_BUNDLE_IDENTIFIER = "ac.kr.cau.Basic-1-Lecture";
				PRODUCT_NAME = "$(TARGET_NAME)";
				SWIFT_VERSION = 5.0;
				TARGETED_DEVICE_FAMILY = "1,2";
			};
			name = Debug;
		};
		4300C4AE24A3301C00CB97CC /* Release */ = {
			isa = XCBuildConfiguration;
			buildSettings = {
				ASSETCATALOG_COMPILER_APPICON_NAME = AppIcon;
				CODE_SIGN_STYLE = Automatic;
				DEVELOPMENT_TEAM = B535JPUPAQ;
				INFOPLIST_FILE = Basic_1_Lecture/Info.plist;
				LD_RUNPATH_SEARCH_PATHS = (
					"$(inherited)",
					"@executable_path/Frameworks",
				);
				PRODUCT_BUNDLE_IDENTIFIER = "ac.kr.cau.Basic-1-Lecture";
				PRODUCT_NAME = "$(TARGET_NAME)";
				SWIFT_VERSION = 5.0;
				TARGETED_DEVICE_FAMILY = "1,2";
			};
			name = Release;
		};
/* End XCBuildConfiguration section */

/* Begin XCConfigurationList section */
		4300C49324A3301800CB97CC /* Build configuration list for PBXProject "Basic_1_Lecture" */ = {
			isa = XCConfigurationList;
			buildConfigurations = (
				4300C4AA24A3301C00CB97CC /* Debug */,
				4300C4AB24A3301C00CB97CC /* Release */,
			);
			defaultConfigurationIsVisible = 0;
			defaultConfigurationName = Release;
		};
		4300C4AC24A3301C00CB97CC /* Build configuration list for PBXNativeTarget "Basic_1_Lecture" */ = {
			isa = XCConfigurationList;
			buildConfigurations = (
				4300C4AD24A3301C00CB97CC /* Debug */,
				4300C4AE24A3301C00CB97CC /* Release */,
			);
			defaultConfigurationIsVisible = 0;
			defaultConfigurationName = Release;
		};
/* End XCConfigurationList section */
	};
	rootObject = 4300C49024A3301800CB97CC /* Project object */;
}
