// !$*UTF8*$!
{
	archiveVersion = 1;
	classes = {
	};
	objectVersion = 50;
	objects = {

/* Begin PBXBuildFile section */
		4353734A23FE8D1C004B0FBF /* AppDelegate.swift in Sources */ = {isa = PBXBuildFile; fileRef = 4353734923FE8D1C004B0FBF /* AppDelegate.swift */; };
		4353734E23FE8D1C004B0FBF /* ViewController.swift in Sources */ = {isa = PBXBuildFile; fileRef = 4353734D23FE8D1C004B0FBF /* ViewController.swift */; };
		4353735123FE8D1C004B0FBF /* Main.storyboard in Resources */ = {isa = PBXBuildFile; fileRef = 4353734F23FE8D1C004B0FBF /* Main.storyboard */; };
		4353735323FE8D1F004B0FBF /* Assets.xcassets in Resources */ = {isa = PBXBuildFile; fileRef = 4353735223FE8D1F004B0FBF /* Assets.xcassets */; };
		4353735623FE8D1F004B0FBF /* LaunchScreen.storyboard in Resources */ = {isa = PBXBuildFile; fileRef = 4353735423FE8D1F004B0FBF /* LaunchScreen.storyboard */; };
		4381608A23FF925600F4D69B /* ImageZoomViewController.swift in Sources */ = {isa = PBXBuildFile; fileRef = 4381608923FF925600F4D69B /* ImageZoomViewController.swift */; };
/* End PBXBuildFile section */

/* Begin PBXFileReference section */
		4353734623FE8D1C004B0FBF /* PhotosExample.app */ = {isa = PBXFileReference; explicitFileType = wrapper.application; includeInIndex = 0; path = PhotosExample.app; sourceTree = BUILT_PRODUCTS_DIR; };
		4353734923FE8D1C004B0FBF /* AppDelegate.swift */ = {isa = PBXFileReference; lastKnownFileType = sourcecode.swift; path = AppDelegate.swift; sourceTree = "<group>"; };
		4353734D23FE8D1C004B0FBF /* ViewController.swift */ = {isa = PBXFileReference; lastKnownFileType = sourcecode.swift; path = ViewController.swift; sourceTree = "<group>"; };
		4353735023FE8D1C004B0FBF /* Base */ = {isa = PBXFileReference; lastKnownFileType = file.storyboard; name = Base; path = Base.lproj/Main.storyboard; sourceTree = "<group>"; };
		4353735223FE8D1F004B0FBF /* Assets.xcassets */ = {isa = PBXFileReference; lastKnownFileType = folder.assetcatalog; path = Assets.xcassets; sourceTree = "<group>"; };
		4353735523FE8D1F004B0FBF /* Base */ = {isa = PBXFileReference; lastKnownFileType = file.storyboard; name = Base; path = Base.lproj/LaunchScreen.storyboard; sourceTree = "<group>"; };
		4353735723FE8D1F004B0FBF /* Info.plist */ = {isa = PBXFileReference; lastKnownFileType = text.plist.xml; path = Info.plist; sourceTree = "<group>"; };
		4381608923FF925600F4D69B /* ImageZoomViewController.swift */ = {isa = PBXFileReference; lastKnownFileType = sourcecode.swift; path = ImageZoomViewController.swift; sourceTree = "<group>"; };
/* End PBXFileReference section */

/* Begin PBXFrameworksBuildPhase section */
		4353734323FE8D1C004B0FBF /* Frameworks */ = {
			isa = PBXFrameworksBuildPhase;
			buildActionMask = 2147483647;
			files = (
			);
			runOnlyForDeploymentPostprocessing = 0;
		};
/* End PBXFrameworksBuildPhase section */

/* Begin PBXGroup section */
		4353733D23FE8D1C004B0FBF = {
			isa = PBXGroup;
			children = (
				4353734823FE8D1C004B0FBF /* PhotosExample */,
				4353734723FE8D1C004B0FBF /* Products */,
			);
			sourceTree = "<group>";
		};
		4353734723FE8D1C004B0FBF /* Products */ = {
			isa = PBXGroup;
			children = (
				4353734623FE8D1C004B0FBF /* PhotosExample.app */,
			);
			name = Products;
			sourceTree = "<group>";
		};
		4353734823FE8D1C004B0FBF /* PhotosExample */ = {
			isa = PBXGroup;
			children = (
				4353734923FE8D1C004B0FBF /* AppDelegate.swift */,
				4353734D23FE8D1C004B0FBF /* ViewController.swift */,
				4381608923FF925600F4D69B /* ImageZoomViewController.swift */,
				4353734F23FE8D1C004B0FBF /* Main.storyboard */,
				4353735223FE8D1F004B0FBF /* Assets.xcassets */,
				4353735423FE8D1F004B0FBF /* LaunchScreen.storyboard */,
				4353735723FE8D1F004B0FBF /* Info.plist */,
			);
			path = PhotosExample;
			sourceTree = "<group>";
		};
/* End PBXGroup section */

/* Begin PBXNativeTarget section */
		4353734523FE8D1C004B0FBF /* PhotosExample */ = {
			isa = PBXNativeTarget;
			buildConfigurationList = 4353735A23FE8D1F004B0FBF /* Build configuration list for PBXNativeTarget "PhotosExample" */;
			buildPhases = (
				4353734223FE8D1C004B0FBF /* Sources */,
				4353734323FE8D1C004B0FBF /* Frameworks */,
				4353734423FE8D1C004B0FBF /* Resources */,
			);
			buildRules = (
			);
			dependencies = (
			);
			name = PhotosExample;
			productName = PhotosExample;
			productReference = 4353734623FE8D1C004B0FBF /* PhotosExample.app */;
			productType = "com.apple.product-type.application";
		};
/* End PBXNativeTarget section */

/* Begin PBXProject section */
		4353733E23FE8D1C004B0FBF /* Project object */ = {
			isa = PBXProject;
			attributes = {
				LastSwiftUpdateCheck = 1130;
				LastUpgradeCheck = 1130;
				ORGANIZATIONNAME = "안홍석";
				TargetAttributes = {
					4353734523FE8D1C004B0FBF = {
						CreatedOnToolsVersion = 11.3.1;
					};
				};
			};
			buildConfigurationList = 4353734123FE8D1C004B0FBF /* Build configuration list for PBXProject "PhotosExample" */;
			compatibilityVersion = "Xcode 9.3";
			developmentRegion = en;
			hasScannedForEncodings = 0;
			knownRegions = (
				en,
				Base,
			);
			mainGroup = 4353733D23FE8D1C004B0FBF;
			productRefGroup = 4353734723FE8D1C004B0FBF /* Products */;
			projectDirPath = "";
			projectRoot = "";
			targets = (
				4353734523FE8D1C004B0FBF /* PhotosExample */,
			);
		};
/* End PBXProject section */

/* Begin PBXResourcesBuildPhase section */
		4353734423FE8D1C004B0FBF /* Resources */ = {
			isa = PBXResourcesBuildPhase;
			buildActionMask = 2147483647;
			files = (
				4353735623FE8D1F004B0FBF /* LaunchScreen.storyboard in Resources */,
				4353735323FE8D1F004B0FBF /* Assets.xcassets in Resources */,
				4353735123FE8D1C004B0FBF /* Main.storyboard in Resources */,
			);
			runOnlyForDeploymentPostprocessing = 0;
		};
/* End PBXResourcesBuildPhase section */

/* Begin PBXSourcesBuildPhase section */
		4353734223FE8D1C004B0FBF /* Sources */ = {
			isa = PBXSourcesBuildPhase;
			buildActionMask = 2147483647;
			files = (
				4381608A23FF925600F4D69B /* ImageZoomViewController.swift in Sources */,
				4353734E23FE8D1C004B0FBF /* ViewController.swift in Sources */,
				4353734A23FE8D1C004B0FBF /* AppDelegate.swift in Sources */,
			);
			runOnlyForDeploymentPostprocessing = 0;
		};
/* End PBXSourcesBuildPhase section */

/* Begin PBXVariantGroup section */
		4353734F23FE8D1C004B0FBF /* Main.storyboard */ = {
			isa = PBXVariantGroup;
			children = (
				4353735023FE8D1C004B0FBF /* Base */,
			);
			name = Main.storyboard;
			sourceTree = "<group>";
		};
		4353735423FE8D1F004B0FBF /* LaunchScreen.storyboard */ = {
			isa = PBXVariantGroup;
			children = (
				4353735523FE8D1F004B0FBF /* Base */,
			);
			name = LaunchScreen.storyboard;
			sourceTree = "<group>";
		};
/* End PBXVariantGroup section */

/* Begin XCBuildConfiguration section */
		4353735823FE8D1F004B0FBF /* Debug */ = {
			isa = XCBuildConfiguration;
			buildSettings = {
				ALWAYS_SEARCH_USER_PATHS = NO;
				CLANG_ANALYZER_NONNULL = YES;
				CLANG_ANALYZER_NUMBER_OBJECT_CONVERSION = YES_AGGRESSIVE;
				CLANG_CXX_LANGUAGE_STANDARD = "gnu++14";
				CLANG_CXX_LIBRARY = "libc++";
				CLANG_ENABLE_MODULES = YES;
				CLANG_ENABLE_OBJC_ARC = YES;
				CLANG_ENABLE_OBJC_WEAK = YES;
				CLANG_WARN_BLOCK_CAPTURE_AUTORELEASING = YES;
				CLANG_WARN_BOOL_CONVERSION = YES;
				CLANG_WARN_COMMA = YES;
				CLANG_WARN_CONSTANT_CONVERSION = YES;
				CLANG_WARN_DEPRECATED_OBJC_IMPLEMENTATIONS = YES;
				CLANG_WARN_DIRECT_OBJC_ISA_USAGE = YES_ERROR;
				CLANG_WARN_DOCUMENTATION_COMMENTS = YES;
				CLANG_WARN_EMPTY_BODY = YES;
				CLANG_WARN_ENUM_CONVERSION = YES;
				CLANG_WARN_INFINITE_RECURSION = YES;
				CLANG_WARN_INT_CONVERSION = YES;
				CLANG_WARN_NON_LITERAL_NULL_CONVERSION = YES;
				CLANG_WARN_OBJC_IMPLICIT_RETAIN_SELF = YES;
				CLANG_WARN_OBJC_LITERAL_CONVERSION = YES;
				CLANG_WARN_OBJC_ROOT_CLASS = YES_ERROR;
				CLANG_WARN_RANGE_LOOP_ANALYSIS = YES;
				CLANG_WARN_STRICT_PROTOTYPES = YES;
				CLANG_WARN_SUSPICIOUS_MOVE = YES;
				CLANG_WARN_UNGUARDED_AVAILABILITY = YES_AGGRESSIVE;
				CLANG_WARN_UNREACHABLE_CODE = YES;
				CLANG_WARN__DUPLICATE_METHOD_MATCH = YES;
				COPY_PHASE_STRIP = NO;
				DEBUG_INFORMATION_FORMAT = dwarf;
				ENABLE_STRICT_OBJC_MSGSEND = YES;
				ENABLE_TESTABILITY = YES;
				GCC_C_LANGUAGE_STANDARD = gnu11;
				GCC_DYNAMIC_NO_PIC = NO;
				GCC_NO_COMMON_BLOCKS = YES;
				GCC_OPTIMIZATION_LEVEL = 0;
				GCC_PREPROCESSOR_DEFINITIONS = (
					"DEBUG=1",
					"$(inherited)",
				);
				GCC_WARN_64_TO_32_BIT_CONVERSION = YES;
				GCC_WARN_ABOUT_RETURN_TYPE = YES_ERROR;
				GCC_WARN_UNDECLARED_SELECTOR = YES;
				GCC_WARN_UNINITIALIZED_AUTOS = YES_AGGRESSIVE;
				GCC_WARN_UNUSED_FUNCTION = YES;
				GCC_WARN_UNUSED_VARIABLE = YES;
				IPHONEOS_DEPLOYMENT_TARGET = 13.2;
				MTL_ENABLE_DEBUG_INFO = INCLUDE_SOURCE;
				MTL_FAST_MATH = YES;
				ONLY_ACTIVE_ARCH = YES;
				SDKROOT = iphoneos;
				SWIFT_ACTIVE_COMPILATION_CONDITIONS = DEBUG;
				SWIFT_OPTIMIZATION_LEVEL = "-Onone";
			};
			name = Debug;
		};
		4353735923FE8D1F004B0FBF /* Release */ = {
			isa = XCBuildConfiguration;
			buildSettings = {
				ALWAYS_SEARCH_USER_PATHS = NO;
				CLANG_ANALYZER_NONNULL = YES;
				CLANG_ANALYZER_NUMBER_OBJECT_CONVERSION = YES_AGGRESSIVE;
				CLANG_CXX_LANGUAGE_STANDARD = "gnu++14";
				CLANG_CXX_LIBRARY = "libc++";
				CLANG_ENABLE_MODULES = YES;
				CLANG_ENABLE_OBJC_ARC = YES;
				CLANG_ENABLE_OBJC_WEAK = YES;
				CLANG_WARN_BLOCK_CAPTURE_AUTORELEASING = YES;
				CLANG_WARN_BOOL_CONVERSION = YES;
				CLANG_WARN_COMMA = YES;
				CLANG_WARN_CONSTANT_CONVERSION = YES;
				CLANG_WARN_DEPRECATED_OBJC_IMPLEMENTATIONS = YES;
				CLANG_WARN_DIRECT_OBJC_ISA_USAGE = YES_ERROR;
				CLANG_WARN_DOCUMENTATION_COMMENTS = YES;
				CLANG_WARN_EMPTY_BODY = YES;
				CLANG_WARN_ENUM_CONVERSION = YES;
				CLANG_WARN_INFINITE_RECURSION = YES;
				CLANG_WARN_INT_CONVERSION = YES;
				CLANG_WARN_NON_LITERAL_NULL_CONVERSION = YES;
				CLANG_WARN_OBJC_IMPLICIT_RETAIN_SELF = YES;
				CLANG_WARN_OBJC_LITERAL_CONVERSION = YES;
				CLANG_WARN_OBJC_ROOT_CLASS = YES_ERROR;
				CLANG_WARN_RANGE_LOOP_ANALYSIS = YES;
				CLANG_WARN_STRICT_PROTOTYPES = YES;
				CLANG_WARN_SUSPICIOUS_MOVE = YES;
				CLANG_WARN_UNGUARDED_AVAILABILITY = YES_AGGRESSIVE;
				CLANG_WARN_UNREACHABLE_CODE = YES;
				CLANG_WARN__DUPLICATE_METHOD_MATCH = YES;
				COPY_PHASE_STRIP = NO;
				DEBUG_INFORMATION_FORMAT = "dwarf-with-dsym";
				ENABLE_NS_ASSERTIONS = NO;
				ENABLE_STRICT_OBJC_MSGSEND = YES;
				GCC_C_LANGUAGE_STANDARD = gnu11;
				GCC_NO_COMMON_BLOCKS = YES;
				GCC_WARN_64_TO_32_BIT_CONVERSION = YES;
				GCC_WARN_ABOUT_RETURN_TYPE = YES_ERROR;
				GCC_WARN_UNDECLARED_SELECTOR = YES;
				GCC_WARN_UNINITIALIZED_AUTOS = YES_AGGRESSIVE;
				GCC_WARN_UNUSED_FUNCTION = YES;
				GCC_WARN_UNUSED_VARIABLE = YES;
				IPHONEOS_DEPLOYMENT_TARGET = 13.2;
				MTL_ENABLE_DEBUG_INFO = NO;
				MTL_FAST_MATH = YES;
				SDKROOT = iphoneos;
				SWIFT_COMPILATION_MODE = wholemodule;
				SWIFT_OPTIMIZATION_LEVEL = "-O";
				VALIDATE_PRODUCT = YES;
			};
			name = Release;
		};
		4353735B23FE8D1F004B0FBF /* Debug */ = {
			isa = XCBuildConfiguration;
			buildSettings = {
				ASSETCATALOG_COMPILER_APPICON_NAME = AppIcon;
				CODE_SIGN_STYLE = Automatic;
				DEVELOPMENT_TEAM = B535JPUPAQ;
				INFOPLIST_FILE = PhotosExample/Info.plist;
				IPHONEOS_DEPLOYMENT_TARGET = 12.4;
				LD_RUNPATH_SEARCH_PATHS = (
					"$(inherited)",
					"@executable_path/Frameworks",
				);
				PRODUCT_BUNDLE_IDENTIFIER = ac.kr.cau.edwith.boostcourse.PhotosExample;
				PRODUCT_NAME = "$(TARGET_NAME)";
				SWIFT_VERSION = 5.0;
				TARGETED_DEVICE_FAMILY = "1,2";
			};
			name = Debug;
		};
		4353735C23FE8D1F004B0FBF /* Release */ = {
			isa = XCBuildConfiguration;
			buildSettings = {
				ASSETCATALOG_COMPILER_APPICON_NAME = AppIcon;
				CODE_SIGN_STYLE = Automatic;
				DEVELOPMENT_TEAM = B535JPUPAQ;
				INFOPLIST_FILE = PhotosExample/Info.plist;
				IPHONEOS_DEPLOYMENT_TARGET = 12.4;
				LD_RUNPATH_SEARCH_PATHS = (
					"$(inherited)",
					"@executable_path/Frameworks",
				);
				PRODUCT_BUNDLE_IDENTIFIER = ac.kr.cau.edwith.boostcourse.PhotosExample;
				PRODUCT_NAME = "$(TARGET_NAME)";
				SWIFT_VERSION = 5.0;
				TARGETED_DEVICE_FAMILY = "1,2";
			};
			name = Release;
		};
/* End XCBuildConfiguration section */

/* Begin XCConfigurationList section */
		4353734123FE8D1C004B0FBF /* Build configuration list for PBXProject "PhotosExample" */ = {
			isa = XCConfigurationList;
			buildConfigurations = (
				4353735823FE8D1F004B0FBF /* Debug */,
				4353735923FE8D1F004B0FBF /* Release */,
			);
			defaultConfigurationIsVisible = 0;
			defaultConfigurationName = Release;
		};
		4353735A23FE8D1F004B0FBF /* Build configuration list for PBXNativeTarget "PhotosExample" */ = {
			isa = XCConfigurationList;
			buildConfigurations = (
				4353735B23FE8D1F004B0FBF /* Debug */,
				4353735C23FE8D1F004B0FBF /* Release */,
			);
			defaultConfigurationIsVisible = 0;
			defaultConfigurationName = Release;
		};
/* End XCConfigurationList section */
	};
	rootObject = 4353733E23FE8D1C004B0FBF /* Project object */;
}
