// !$*UTF8*$!
{
	archiveVersion = 1;
	classes = {
	};
	objectVersion = 51;
	objects = {

/* Begin PBXBuildFile section */
		43D4BE1A244D7B7200145AE9 /* AppDelegate.swift in Sources */ = {isa = PBXBuildFile; fileRef = 43D4BE19244D7B7200145AE9 /* AppDelegate.swift */; };
		43D4BE1C244D7B7200145AE9 /* SceneDelegate.swift in Sources */ = {isa = PBXBuildFile; fileRef = 43D4BE1B244D7B7200145AE9 /* SceneDelegate.swift */; };
		43D4BE1E244D7B7200145AE9 /* ViewController.swift in Sources */ = {isa = PBXBuildFile; fileRef = 43D4BE1D244D7B7200145AE9 /* ViewController.swift */; };
		43D4BE21244D7B7200145AE9 /* Main.storyboard in Resources */ = {isa = PBXBuildFile; fileRef = 43D4BE1F244D7B7200145AE9 /* Main.storyboard */; };
		43D4BE23244D7B7300145AE9 /* Assets.xcassets in Resources */ = {isa = PBXBuildFile; fileRef = 43D4BE22244D7B7300145AE9 /* Assets.xcassets */; };
		43D4BE26244D7B7300145AE9 /* LaunchScreen.storyboard in Resources */ = {isa = PBXBuildFile; fileRef = 43D4BE24244D7B7300145AE9 /* LaunchScreen.storyboard */; };
		43D4BE2E244D882700145AE9 /* GoogleService-Info.plist in Resources */ = {isa = PBXBuildFile; fileRef = 43D4BE2D244D882700145AE9 /* GoogleService-Info.plist */; };
		E2AC1C15377D4DBFADB1763B /* Pods_HowlFirebaseLogin.framework in Frameworks */ = {isa = PBXBuildFile; fileRef = EEA50BF3A9A29F21E653219E /* Pods_HowlFirebaseLogin.framework */; };
/* End PBXBuildFile section */

/* Begin PBXFileReference section */
		43D4BE16244D7B7200145AE9 /* HowlFirebaseLogin.app */ = {isa = PBXFileReference; explicitFileType = wrapper.application; includeInIndex = 0; path = HowlFirebaseLogin.app; sourceTree = BUILT_PRODUCTS_DIR; };
		43D4BE19244D7B7200145AE9 /* AppDelegate.swift */ = {isa = PBXFileReference; lastKnownFileType = sourcecode.swift; path = AppDelegate.swift; sourceTree = "<group>"; };
		43D4BE1B244D7B7200145AE9 /* SceneDelegate.swift */ = {isa = PBXFileReference; lastKnownFileType = sourcecode.swift; path = SceneDelegate.swift; sourceTree = "<group>"; };
		43D4BE1D244D7B7200145AE9 /* ViewController.swift */ = {isa = PBXFileReference; lastKnownFileType = sourcecode.swift; path = ViewController.swift; sourceTree = "<group>"; };
		43D4BE20244D7B7200145AE9 /* Base */ = {isa = PBXFileReference; lastKnownFileType = file.storyboard; name = Base; path = Base.lproj/Main.storyboard; sourceTree = "<group>"; };
		43D4BE22244D7B7300145AE9 /* Assets.xcassets */ = {isa = PBXFileReference; lastKnownFileType = folder.assetcatalog; path = Assets.xcassets; sourceTree = "<group>"; };
		43D4BE25244D7B7300145AE9 /* Base */ = {isa = PBXFileReference; lastKnownFileType = file.storyboard; name = Base; path = Base.lproj/LaunchScreen.storyboard; sourceTree = "<group>"; };
		43D4BE27244D7B7300145AE9 /* Info.plist */ = {isa = PBXFileReference; lastKnownFileType = text.plist.xml; path = Info.plist; sourceTree = "<group>"; };
		43D4BE2D244D882700145AE9 /* GoogleService-Info.plist */ = {isa = PBXFileReference; fileEncoding = 4; lastKnownFileType = text.plist.xml; path = "GoogleService-Info.plist"; sourceTree = "<group>"; };
		65E0770FF212B5DFB6A22FFA /* Pods-HowlFirebaseLogin.debug.xcconfig */ = {isa = PBXFileReference; includeInIndex = 1; lastKnownFileType = text.xcconfig; name = "Pods-HowlFirebaseLogin.debug.xcconfig"; path = "Target Support Files/Pods-HowlFirebaseLogin/Pods-HowlFirebaseLogin.debug.xcconfig"; sourceTree = "<group>"; };
		CCD520DCA4887C5BB36BB454 /* Pods-HowlFirebaseLogin.release.xcconfig */ = {isa = PBXFileReference; includeInIndex = 1; lastKnownFileType = text.xcconfig; name = "Pods-HowlFirebaseLogin.release.xcconfig"; path = "Target Support Files/Pods-HowlFirebaseLogin/Pods-HowlFirebaseLogin.release.xcconfig"; sourceTree = "<group>"; };
		EEA50BF3A9A29F21E653219E /* Pods_HowlFirebaseLogin.framework */ = {isa = PBXFileReference; explicitFileType = wrapper.framework; includeInIndex = 0; path = Pods_HowlFirebaseLogin.framework; sourceTree = BUILT_PRODUCTS_DIR; };
/* End PBXFileReference section */

/* Begin PBXFrameworksBuildPhase section */
		43D4BE13244D7B7200145AE9 /* Frameworks */ = {
			isa = PBXFrameworksBuildPhase;
			buildActionMask = 2147483647;
			files = (
				E2AC1C15377D4DBFADB1763B /* Pods_HowlFirebaseLogin.framework in Frameworks */,
			);
			runOnlyForDeploymentPostprocessing = 0;
		};
/* End PBXFrameworksBuildPhase section */

/* Begin PBXGroup section */
		43D4BE0D244D7B7200145AE9 = {
			isa = PBXGroup;
			children = (
				43D4BE18244D7B7200145AE9 /* HowlFirebaseLogin */,
				43D4BE17244D7B7200145AE9 /* Products */,
				9EA10840AE50BBD71769E87B /* Pods */,
				8E0801CEECA650747AB96725 /* Frameworks */,
			);
			sourceTree = "<group>";
		};
		43D4BE17244D7B7200145AE9 /* Products */ = {
			isa = PBXGroup;
			children = (
				43D4BE16244D7B7200145AE9 /* HowlFirebaseLogin.app */,
			);
			name = Products;
			sourceTree = "<group>";
		};
		43D4BE18244D7B7200145AE9 /* HowlFirebaseLogin */ = {
			isa = PBXGroup;
			children = (
				43D4BE19244D7B7200145AE9 /* AppDelegate.swift */,
				43D4BE1B244D7B7200145AE9 /* SceneDelegate.swift */,
				43D4BE1D244D7B7200145AE9 /* ViewController.swift */,
				43D4BE1F244D7B7200145AE9 /* Main.storyboard */,
				43D4BE22244D7B7300145AE9 /* Assets.xcassets */,
				43D4BE24244D7B7300145AE9 /* LaunchScreen.storyboard */,
				43D4BE27244D7B7300145AE9 /* Info.plist */,
				43D4BE2D244D882700145AE9 /* GoogleService-Info.plist */,
			);
			path = HowlFirebaseLogin;
			sourceTree = "<group>";
		};
		8E0801CEECA650747AB96725 /* Frameworks */ = {
			isa = PBXGroup;
			children = (
				EEA50BF3A9A29F21E653219E /* Pods_HowlFirebaseLogin.framework */,
			);
			name = Frameworks;
			sourceTree = "<group>";
		};
		9EA10840AE50BBD71769E87B /* Pods */ = {
			isa = PBXGroup;
			children = (
				65E0770FF212B5DFB6A22FFA /* Pods-HowlFirebaseLogin.debug.xcconfig */,
				CCD520DCA4887C5BB36BB454 /* Pods-HowlFirebaseLogin.release.xcconfig */,
			);
			path = Pods;
			sourceTree = "<group>";
		};
/* End PBXGroup section */

/* Begin PBXNativeTarget section */
		43D4BE15244D7B7200145AE9 /* HowlFirebaseLogin */ = {
			isa = PBXNativeTarget;
			buildConfigurationList = 43D4BE2A244D7B7300145AE9 /* Build configuration list for PBXNativeTarget "HowlFirebaseLogin" */;
			buildPhases = (
				4696FF073EB23091FE5889BA /* [CP] Check Pods Manifest.lock */,
				43D4BE12244D7B7200145AE9 /* Sources */,
				43D4BE13244D7B7200145AE9 /* Frameworks */,
				43D4BE14244D7B7200145AE9 /* Resources */,
				97E7F2F635EE1CDA3341BF5B /* [CP] Embed Pods Frameworks */,
				8C0E02CAF3A17E40BCEB5BF4 /* [CP] Copy Pods Resources */,
			);
			buildRules = (
			);
			dependencies = (
			);
			name = HowlFirebaseLogin;
			productName = HowlFirebaseLogin;
			productReference = 43D4BE16244D7B7200145AE9 /* HowlFirebaseLogin.app */;
			productType = "com.apple.product-type.application";
		};
/* End PBXNativeTarget section */

/* Begin PBXProject section */
		43D4BE0E244D7B7200145AE9 /* Project object */ = {
			isa = PBXProject;
			attributes = {
				LastSwiftUpdateCheck = 1130;
				LastUpgradeCheck = 1130;
				ORGANIZATIONNAME = "안홍석";
				TargetAttributes = {
					43D4BE15244D7B7200145AE9 = {
						CreatedOnToolsVersion = 11.3.1;
					};
				};
			};
			buildConfigurationList = 43D4BE11244D7B7200145AE9 /* Build configuration list for PBXProject "HowlFirebaseLogin" */;
			compatibilityVersion = "Xcode 9.3";
			developmentRegion = en;
			hasScannedForEncodings = 0;
			knownRegions = (
				en,
				Base,
			);
			mainGroup = 43D4BE0D244D7B7200145AE9;
			productRefGroup = 43D4BE17244D7B7200145AE9 /* Products */;
			projectDirPath = "";
			projectRoot = "";
			targets = (
				43D4BE15244D7B7200145AE9 /* HowlFirebaseLogin */,
			);
		};
/* End PBXProject section */

/* Begin PBXResourcesBuildPhase section */
		43D4BE14244D7B7200145AE9 /* Resources */ = {
			isa = PBXResourcesBuildPhase;
			buildActionMask = 2147483647;
			files = (
				43D4BE26244D7B7300145AE9 /* LaunchScreen.storyboard in Resources */,
				43D4BE2E244D882700145AE9 /* GoogleService-Info.plist in Resources */,
				43D4BE23244D7B7300145AE9 /* Assets.xcassets in Resources */,
				43D4BE21244D7B7200145AE9 /* Main.storyboard in Resources */,
			);
			runOnlyForDeploymentPostprocessing = 0;
		};
/* End PBXResourcesBuildPhase section */

/* Begin PBXShellScriptBuildPhase section */
		4696FF073EB23091FE5889BA /* [CP] Check Pods Manifest.lock */ = {
			isa = PBXShellScriptBuildPhase;
			buildActionMask = 2147483647;
			files = (
			);
			inputFileListPaths = (
			);
			inputPaths = (
				"${PODS_PODFILE_DIR_PATH}/Podfile.lock",
				"${PODS_ROOT}/Manifest.lock",
			);
			name = "[CP] Check Pods Manifest.lock";
			outputFileListPaths = (
			);
			outputPaths = (
				"$(DERIVED_FILE_DIR)/Pods-HowlFirebaseLogin-checkManifestLockResult.txt",
			);
			runOnlyForDeploymentPostprocessing = 0;
			shellPath = /bin/sh;
			shellScript = "diff \"${PODS_PODFILE_DIR_PATH}/Podfile.lock\" \"${PODS_ROOT}/Manifest.lock\" > /dev/null\nif [ $? != 0 ] ; then\n    # print error to STDERR\n    echo \"error: The sandbox is not in sync with the Podfile.lock. Run 'pod install' or update your CocoaPods installation.\" >&2\n    exit 1\nfi\n# This output is used by Xcode 'outputs' to avoid re-running this script phase.\necho \"SUCCESS\" > \"${SCRIPT_OUTPUT_FILE_0}\"\n";
			showEnvVarsInLog = 0;
		};
		8C0E02CAF3A17E40BCEB5BF4 /* [CP] Copy Pods Resources */ = {
			isa = PBXShellScriptBuildPhase;
			buildActionMask = 2147483647;
			files = (
			);
			inputFileListPaths = (
				"${PODS_ROOT}/Target Support Files/Pods-HowlFirebaseLogin/Pods-HowlFirebaseLogin-resources-${CONFIGURATION}-input-files.xcfilelist",
			);
			name = "[CP] Copy Pods Resources";
			outputFileListPaths = (
				"${PODS_ROOT}/Target Support Files/Pods-HowlFirebaseLogin/Pods-HowlFirebaseLogin-resources-${CONFIGURATION}-output-files.xcfilelist",
			);
			runOnlyForDeploymentPostprocessing = 0;
			shellPath = /bin/sh;
			shellScript = "\"${PODS_ROOT}/Target Support Files/Pods-HowlFirebaseLogin/Pods-HowlFirebaseLogin-resources.sh\"\n";
			showEnvVarsInLog = 0;
		};
		97E7F2F635EE1CDA3341BF5B /* [CP] Embed Pods Frameworks */ = {
			isa = PBXShellScriptBuildPhase;
			buildActionMask = 2147483647;
			files = (
			);
			inputFileListPaths = (
				"${PODS_ROOT}/Target Support Files/Pods-HowlFirebaseLogin/Pods-HowlFirebaseLogin-frameworks-${CONFIGURATION}-input-files.xcfilelist",
			);
			name = "[CP] Embed Pods Frameworks";
			outputFileListPaths = (
				"${PODS_ROOT}/Target Support Files/Pods-HowlFirebaseLogin/Pods-HowlFirebaseLogin-frameworks-${CONFIGURATION}-output-files.xcfilelist",
			);
			runOnlyForDeploymentPostprocessing = 0;
			shellPath = /bin/sh;
			shellScript = "\"${PODS_ROOT}/Target Support Files/Pods-HowlFirebaseLogin/Pods-HowlFirebaseLogin-frameworks.sh\"\n";
			showEnvVarsInLog = 0;
		};
/* End PBXShellScriptBuildPhase section */

/* Begin PBXSourcesBuildPhase section */
		43D4BE12244D7B7200145AE9 /* Sources */ = {
			isa = PBXSourcesBuildPhase;
			buildActionMask = 2147483647;
			files = (
				43D4BE1E244D7B7200145AE9 /* ViewController.swift in Sources */,
				43D4BE1A244D7B7200145AE9 /* AppDelegate.swift in Sources */,
				43D4BE1C244D7B7200145AE9 /* SceneDelegate.swift in Sources */,
			);
			runOnlyForDeploymentPostprocessing = 0;
		};
/* End PBXSourcesBuildPhase section */

/* Begin PBXVariantGroup section */
		43D4BE1F244D7B7200145AE9 /* Main.storyboard */ = {
			isa = PBXVariantGroup;
			children = (
				43D4BE20244D7B7200145AE9 /* Base */,
			);
			name = Main.storyboard;
			sourceTree = "<group>";
		};
		43D4BE24244D7B7300145AE9 /* LaunchScreen.storyboard */ = {
			isa = PBXVariantGroup;
			children = (
				43D4BE25244D7B7300145AE9 /* Base */,
			);
			name = LaunchScreen.storyboard;
			sourceTree = "<group>";
		};
/* End PBXVariantGroup section */

/* Begin XCBuildConfiguration section */
		43D4BE28244D7B7300145AE9 /* Debug */ = {
			isa = XCBuildConfiguration;
			buildSettings = {
				ALWAYS_SEARCH_USER_PATHS = NO;
				CLANG_ANALYZER_NONNULL = YES;
				CLANG_ANALYZER_NUMBER_OBJECT_CONVERSION = YES_AGGRESSIVE;
				CLANG_CXX_LANGUAGE_STANDARD = "gnu++14";
				CLANG_CXX_LIBRARY = "libc++";
				CLANG_ENABLE_MODULES = YES;
				CLANG_ENABLE_OBJC_ARC = YES;
				CLANG_ENABLE_OBJC_WEAK = YES;
				CLANG_WARN_BLOCK_CAPTURE_AUTORELEASING = YES;
				CLANG_WARN_BOOL_CONVERSION = YES;
				CLANG_WARN_COMMA = YES;
				CLANG_WARN_CONSTANT_CONVERSION = YES;
				CLANG_WARN_DEPRECATED_OBJC_IMPLEMENTATIONS = YES;
				CLANG_WARN_DIRECT_OBJC_ISA_USAGE = YES_ERROR;
				CLANG_WARN_DOCUMENTATION_COMMENTS = YES;
				CLANG_WARN_EMPTY_BODY = YES;
				CLANG_WARN_ENUM_CONVERSION = YES;
				CLANG_WARN_INFINITE_RECURSION = YES;
				CLANG_WARN_INT_CONVERSION = YES;
				CLANG_WARN_NON_LITERAL_NULL_CONVERSION = YES;
				CLANG_WARN_OBJC_IMPLICIT_RETAIN_SELF = YES;
				CLANG_WARN_OBJC_LITERAL_CONVERSION = YES;
				CLANG_WARN_OBJC_ROOT_CLASS = YES_ERROR;
				CLANG_WARN_RANGE_LOOP_ANALYSIS = YES;
				CLANG_WARN_STRICT_PROTOTYPES = YES;
				CLANG_WARN_SUSPICIOUS_MOVE = YES;
				CLANG_WARN_UNGUARDED_AVAILABILITY = YES_AGGRESSIVE;
				CLANG_WARN_UNREACHABLE_CODE = YES;
				CLANG_WARN__DUPLICATE_METHOD_MATCH = YES;
				COPY_PHASE_STRIP = NO;
				DEBUG_INFORMATION_FORMAT = dwarf;
				ENABLE_STRICT_OBJC_MSGSEND = YES;
				ENABLE_TESTABILITY = YES;
				GCC_C_LANGUAGE_STANDARD = gnu11;
				GCC_DYNAMIC_NO_PIC = NO;
				GCC_NO_COMMON_BLOCKS = YES;
				GCC_OPTIMIZATION_LEVEL = 0;
				GCC_PREPROCESSOR_DEFINITIONS = (
					"DEBUG=1",
					"$(inherited)",
				);
				GCC_WARN_64_TO_32_BIT_CONVERSION = YES;
				GCC_WARN_ABOUT_RETURN_TYPE = YES_ERROR;
				GCC_WARN_UNDECLARED_SELECTOR = YES;
				GCC_WARN_UNINITIALIZED_AUTOS = YES_AGGRESSIVE;
				GCC_WARN_UNUSED_FUNCTION = YES;
				GCC_WARN_UNUSED_VARIABLE = YES;
				IPHONEOS_DEPLOYMENT_TARGET = 13.2;
				MTL_ENABLE_DEBUG_INFO = INCLUDE_SOURCE;
				MTL_FAST_MATH = YES;
				ONLY_ACTIVE_ARCH = YES;
				SDKROOT = iphoneos;
				SWIFT_ACTIVE_COMPILATION_CONDITIONS = DEBUG;
				SWIFT_OPTIMIZATION_LEVEL = "-Onone";
			};
			name = Debug;
		};
		43D4BE29244D7B7300145AE9 /* Release */ = {
			isa = XCBuildConfiguration;
			buildSettings = {
				ALWAYS_SEARCH_USER_PATHS = NO;
				CLANG_ANALYZER_NONNULL = YES;
				CLANG_ANALYZER_NUMBER_OBJECT_CONVERSION = YES_AGGRESSIVE;
				CLANG_CXX_LANGUAGE_STANDARD = "gnu++14";
				CLANG_CXX_LIBRARY = "libc++";
				CLANG_ENABLE_MODULES = YES;
				CLANG_ENABLE_OBJC_ARC = YES;
				CLANG_ENABLE_OBJC_WEAK = YES;
				CLANG_WARN_BLOCK_CAPTURE_AUTORELEASING = YES;
				CLANG_WARN_BOOL_CONVERSION = YES;
				CLANG_WARN_COMMA = YES;
				CLANG_WARN_CONSTANT_CONVERSION = YES;
				CLANG_WARN_DEPRECATED_OBJC_IMPLEMENTATIONS = YES;
				CLANG_WARN_DIRECT_OBJC_ISA_USAGE = YES_ERROR;
				CLANG_WARN_DOCUMENTATION_COMMENTS = YES;
				CLANG_WARN_EMPTY_BODY = YES;
				CLANG_WARN_ENUM_CONVERSION = YES;
				CLANG_WARN_INFINITE_RECURSION = YES;
				CLANG_WARN_INT_CONVERSION = YES;
				CLANG_WARN_NON_LITERAL_NULL_CONVERSION = YES;
				CLANG_WARN_OBJC_IMPLICIT_RETAIN_SELF = YES;
				CLANG_WARN_OBJC_LITERAL_CONVERSION = YES;
				CLANG_WARN_OBJC_ROOT_CLASS = YES_ERROR;
				CLANG_WARN_RANGE_LOOP_ANALYSIS = YES;
				CLANG_WARN_STRICT_PROTOTYPES = YES;
				CLANG_WARN_SUSPICIOUS_MOVE = YES;
				CLANG_WARN_UNGUARDED_AVAILABILITY = YES_AGGRESSIVE;
				CLANG_WARN_UNREACHABLE_CODE = YES;
				CLANG_WARN__DUPLICATE_METHOD_MATCH = YES;
				COPY_PHASE_STRIP = NO;
				DEBUG_INFORMATION_FORMAT = "dwarf-with-dsym";
				ENABLE_NS_ASSERTIONS = NO;
				ENABLE_STRICT_OBJC_MSGSEND = YES;
				GCC_C_LANGUAGE_STANDARD = gnu11;
				GCC_NO_COMMON_BLOCKS = YES;
				GCC_WARN_64_TO_32_BIT_CONVERSION = YES;
				GCC_WARN_ABOUT_RETURN_TYPE = YES_ERROR;
				GCC_WARN_UNDECLARED_SELECTOR = YES;
				GCC_WARN_UNINITIALIZED_AUTOS = YES_AGGRESSIVE;
				GCC_WARN_UNUSED_FUNCTION = YES;
				GCC_WARN_UNUSED_VARIABLE = YES;
				IPHONEOS_DEPLOYMENT_TARGET = 13.2;
				MTL_ENABLE_DEBUG_INFO = NO;
				MTL_FAST_MATH = YES;
				SDKROOT = iphoneos;
				SWIFT_COMPILATION_MODE = wholemodule;
				SWIFT_OPTIMIZATION_LEVEL = "-O";
				VALIDATE_PRODUCT = YES;
			};
			name = Release;
		};
		43D4BE2B244D7B7300145AE9 /* Debug */ = {
			isa = XCBuildConfiguration;
			baseConfigurationReference = 65E0770FF212B5DFB6A22FFA /* Pods-HowlFirebaseLogin.debug.xcconfig */;
			buildSettings = {
				ASSETCATALOG_COMPILER_APPICON_NAME = AppIcon;
				CODE_SIGN_STYLE = Automatic;
				DEVELOPMENT_TEAM = B535JPUPAQ;
				INFOPLIST_FILE = HowlFirebaseLogin/Info.plist;
				IPHONEOS_DEPLOYMENT_TARGET = 12.4;
				LD_RUNPATH_SEARCH_PATHS = (
					"$(inherited)",
					"@executable_path/Frameworks",
				);
				PRODUCT_BUNDLE_IDENTIFIER = ac.kr.cau.HowlFirebaseLogin;
				PRODUCT_NAME = "$(TARGET_NAME)";
				SWIFT_VERSION = 5.0;
				TARGETED_DEVICE_FAMILY = "1,2";
			};
			name = Debug;
		};
		43D4BE2C244D7B7300145AE9 /* Release */ = {
			isa = XCBuildConfiguration;
			baseConfigurationReference = CCD520DCA4887C5BB36BB454 /* Pods-HowlFirebaseLogin.release.xcconfig */;
			buildSettings = {
				ASSETCATALOG_COMPILER_APPICON_NAME = AppIcon;
				CODE_SIGN_STYLE = Automatic;
				DEVELOPMENT_TEAM = B535JPUPAQ;
				INFOPLIST_FILE = HowlFirebaseLogin/Info.plist;
				IPHONEOS_DEPLOYMENT_TARGET = 12.4;
				LD_RUNPATH_SEARCH_PATHS = (
					"$(inherited)",
					"@executable_path/Frameworks",
				);
				PRODUCT_BUNDLE_IDENTIFIER = ac.kr.cau.HowlFirebaseLogin;
				PRODUCT_NAME = "$(TARGET_NAME)";
				SWIFT_VERSION = 5.0;
				TARGETED_DEVICE_FAMILY = "1,2";
			};
			name = Release;
		};
/* End XCBuildConfiguration section */

/* Begin XCConfigurationList section */
		43D4BE11244D7B7200145AE9 /* Build configuration list for PBXProject "HowlFirebaseLogin" */ = {
			isa = XCConfigurationList;
			buildConfigurations = (
				43D4BE28244D7B7300145AE9 /* Debug */,
				43D4BE29244D7B7300145AE9 /* Release */,
			);
			defaultConfigurationIsVisible = 0;
			defaultConfigurationName = Release;
		};
		43D4BE2A244D7B7300145AE9 /* Build configuration list for PBXNativeTarget "HowlFirebaseLogin" */ = {
			isa = XCConfigurationList;
			buildConfigurations = (
				43D4BE2B244D7B7300145AE9 /* Debug */,
				43D4BE2C244D7B7300145AE9 /* Release */,
			);
			defaultConfigurationIsVisible = 0;
			defaultConfigurationName = Release;
		};
/* End XCConfigurationList section */
	};
	rootObject = 43D4BE0E244D7B7200145AE9 /* Project object */;
}
